// !$*UTF8*$!
{
	archiveVersion = 1;
	classes = {
	};
	objectVersion = 46;
	objects = {

/* Begin PBXBuildFile section */
		FC7CDD1E1ADEA83E00FFB3FE /* GlobeG.gif in Resources */ = {isa = PBXBuildFile; fileRef = FC7CDD1D1ADEA83E00FFB3FE /* GlobeG.gif */; };
		FC7CDD231ADF3DF800FFB3FE /* TwitterKit.framework in Frameworks */ = {isa = PBXBuildFile; fileRef = FC7CDD201ADF3DF800FFB3FE /* TwitterKit.framework */; };
		FC7CDD241ADF3DF800FFB3FE /* TwitterKitResources.bundle in Resources */ = {isa = PBXBuildFile; fileRef = FC7CDD211ADF3DF800FFB3FE /* TwitterKitResources.bundle */; };
		FC7CDD251ADF3DF800FFB3FE /* Fabric.framework in Frameworks */ = {isa = PBXBuildFile; fileRef = FC7CDD221ADF3DF800FFB3FE /* Fabric.framework */; };
		FC7CDD271ADF3EDE00FFB3FE /* HomeViewController.swift in Sources */ = {isa = PBXBuildFile; fileRef = FC7CDD261ADF3EDE00FFB3FE /* HomeViewController.swift */; };
		FC7CDD2D1ADF44D300FFB3FE /* TimelineTableController.swift in Sources */ = {isa = PBXBuildFile; fileRef = FC7CDD2C1ADF44D300FFB3FE /* TimelineTableController.swift */; };
		FCC9C91D1AD88A0E0063A93D /* AppDelegate.swift in Sources */ = {isa = PBXBuildFile; fileRef = FCC9C91C1AD88A0E0063A93D /* AppDelegate.swift */; };
		FCC9C91F1AD88A0E0063A93D /* ViewController.swift in Sources */ = {isa = PBXBuildFile; fileRef = FCC9C91E1AD88A0E0063A93D /* ViewController.swift */; };
		FCC9C9221AD88A0E0063A93D /* Main.storyboard in Resources */ = {isa = PBXBuildFile; fileRef = FCC9C9201AD88A0E0063A93D /* Main.storyboard */; };
		FCC9C9241AD88A0E0063A93D /* Images.xcassets in Resources */ = {isa = PBXBuildFile; fileRef = FCC9C9231AD88A0E0063A93D /* Images.xcassets */; };
		FCC9C9271AD88A0E0063A93D /* LaunchScreen.xib in Resources */ = {isa = PBXBuildFile; fileRef = FCC9C9251AD88A0E0063A93D /* LaunchScreen.xib */; };
		FCC9C9331AD88A0E0063A93D /* WMA_ExperienceTests.swift in Sources */ = {isa = PBXBuildFile; fileRef = FCC9C9321AD88A0E0063A93D /* WMA_ExperienceTests.swift */; };
		FCD9C6BF1ADDD1E400C44911 /* NavViewController.swift in Sources */ = {isa = PBXBuildFile; fileRef = FCD9C6BE1ADDD1E400C44911 /* NavViewController.swift */; };
		FCDF8AB01ADD6686006BDDE6 /* Wilbraham-Monson.gif in Resources */ = {isa = PBXBuildFile; fileRef = FCDF8AAF1ADD6686006BDDE6 /* Wilbraham-Monson.gif */; };
		FCDF8AB21ADD67D8006BDDE6 /* athletics_splash_banner.jpg in Resources */ = {isa = PBXBuildFile; fileRef = FCDF8AB11ADD67D8006BDDE6 /* athletics_splash_banner.jpg */; };
		FCDF8AB41ADD697C006BDDE6 /* TitansSchedButton2.jpg in Resources */ = {isa = PBXBuildFile; fileRef = FCDF8AB31ADD697C006BDDE6 /* TitansSchedButton2.jpg */; };
/* End PBXBuildFile section */

/* Begin PBXContainerItemProxy section */
		FCC9C92D1AD88A0E0063A93D /* PBXContainerItemProxy */ = {
			isa = PBXContainerItemProxy;
			containerPortal = FCC9C90F1AD88A0E0063A93D /* Project object */;
			proxyType = 1;
			remoteGlobalIDString = FCC9C9161AD88A0E0063A93D;
			remoteInfo = "WMA Experience";
		};
/* End PBXContainerItemProxy section */

/* Begin PBXFileReference section */
		FC7CDD1D1ADEA83E00FFB3FE /* GlobeG.gif */ = {isa = PBXFileReference; lastKnownFileType = image.gif; path = GlobeG.gif; sourceTree = "<group>"; };
		FC7CDD201ADF3DF800FFB3FE /* TwitterKit.framework */ = {isa = PBXFileReference; lastKnownFileType = wrapper.framework; path = TwitterKit.framework; sourceTree = "<group>"; };
		FC7CDD211ADF3DF800FFB3FE /* TwitterKitResources.bundle */ = {isa = PBXFileReference; lastKnownFileType = "wrapper.plug-in"; name = TwitterKitResources.bundle; path = TwitterKit.framework/Versions/A/Resources/TwitterKitResources.bundle; sourceTree = "<group>"; };
		FC7CDD221ADF3DF800FFB3FE /* Fabric.framework */ = {isa = PBXFileReference; lastKnownFileType = wrapper.framework; path = Fabric.framework; sourceTree = "<group>"; };
		FC7CDD261ADF3EDE00FFB3FE /* HomeViewController.swift */ = {isa = PBXFileReference; fileEncoding = 4; lastKnownFileType = sourcecode.swift; path = HomeViewController.swift; sourceTree = "<group>"; };
		FC7CDD2C1ADF44D300FFB3FE /* TimelineTableController.swift */ = {isa = PBXFileReference; fileEncoding = 4; lastKnownFileType = sourcecode.swift; path = TimelineTableController.swift; sourceTree = "<group>"; };
		FCC9C9171AD88A0E0063A93D /* WMA Experience.app */ = {isa = PBXFileReference; explicitFileType = wrapper.application; includeInIndex = 0; path = "WMA Experience.app"; sourceTree = BUILT_PRODUCTS_DIR; };
		FCC9C91B1AD88A0E0063A93D /* Info.plist */ = {isa = PBXFileReference; lastKnownFileType = text.plist.xml; path = Info.plist; sourceTree = "<group>"; };
		FCC9C91C1AD88A0E0063A93D /* AppDelegate.swift */ = {isa = PBXFileReference; lastKnownFileType = sourcecode.swift; path = AppDelegate.swift; sourceTree = "<group>"; };
		FCC9C91E1AD88A0E0063A93D /* ViewController.swift */ = {isa = PBXFileReference; lastKnownFileType = sourcecode.swift; path = ViewController.swift; sourceTree = "<group>"; };
		FCC9C9211AD88A0E0063A93D /* Base */ = {isa = PBXFileReference; lastKnownFileType = file.storyboard; name = Base; path = Base.lproj/Main.storyboard; sourceTree = "<group>"; };
		FCC9C9231AD88A0E0063A93D /* Images.xcassets */ = {isa = PBXFileReference; lastKnownFileType = folder.assetcatalog; path = Images.xcassets; sourceTree = "<group>"; };
		FCC9C9261AD88A0E0063A93D /* Base */ = {isa = PBXFileReference; lastKnownFileType = file.xib; name = Base; path = Base.lproj/LaunchScreen.xib; sourceTree = "<group>"; };
		FCC9C92C1AD88A0E0063A93D /* WMA ExperienceTests.xctest */ = {isa = PBXFileReference; explicitFileType = wrapper.cfbundle; includeInIndex = 0; path = "WMA ExperienceTests.xctest"; sourceTree = BUILT_PRODUCTS_DIR; };
		FCC9C9311AD88A0E0063A93D /* Info.plist */ = {isa = PBXFileReference; lastKnownFileType = text.plist.xml; path = Info.plist; sourceTree = "<group>"; };
		FCC9C9321AD88A0E0063A93D /* WMA_ExperienceTests.swift */ = {isa = PBXFileReference; lastKnownFileType = sourcecode.swift; path = WMA_ExperienceTests.swift; sourceTree = "<group>"; };
		FCD9C6BE1ADDD1E400C44911 /* NavViewController.swift */ = {isa = PBXFileReference; fileEncoding = 4; lastKnownFileType = sourcecode.swift; path = NavViewController.swift; sourceTree = "<group>"; };
		FCDF8AAF1ADD6686006BDDE6 /* Wilbraham-Monson.gif */ = {isa = PBXFileReference; lastKnownFileType = image.gif; path = "Wilbraham-Monson.gif"; sourceTree = "<group>"; };
		FCDF8AB11ADD67D8006BDDE6 /* athletics_splash_banner.jpg */ = {isa = PBXFileReference; lastKnownFileType = image.jpeg; path = athletics_splash_banner.jpg; sourceTree = "<group>"; };
		FCDF8AB31ADD697C006BDDE6 /* TitansSchedButton2.jpg */ = {isa = PBXFileReference; lastKnownFileType = image.jpeg; path = TitansSchedButton2.jpg; sourceTree = "<group>"; };
/* End PBXFileReference section */

/* Begin PBXFrameworksBuildPhase section */
		FCC9C9141AD88A0E0063A93D /* Frameworks */ = {
			isa = PBXFrameworksBuildPhase;
			buildActionMask = 2147483647;
			files = (
				FC7CDD231ADF3DF800FFB3FE /* TwitterKit.framework in Frameworks */,
				FC7CDD251ADF3DF800FFB3FE /* Fabric.framework in Frameworks */,
			);
			runOnlyForDeploymentPostprocessing = 0;
		};
		FCC9C9291AD88A0E0063A93D /* Frameworks */ = {
			isa = PBXFrameworksBuildPhase;
			buildActionMask = 2147483647;
			files = (
			);
			runOnlyForDeploymentPostprocessing = 0;
		};
/* End PBXFrameworksBuildPhase section */

/* Begin PBXGroup section */
		FCC9C90E1AD88A0E0063A93D = {
			isa = PBXGroup;
			children = (
				FC7CDD201ADF3DF800FFB3FE /* TwitterKit.framework */,
				FC7CDD211ADF3DF800FFB3FE /* TwitterKitResources.bundle */,
				FC7CDD221ADF3DF800FFB3FE /* Fabric.framework */,
				FCC9C9191AD88A0E0063A93D /* WMA Experience */,
				FCC9C92F1AD88A0E0063A93D /* WMA ExperienceTests */,
				FCC9C9181AD88A0E0063A93D /* Products */,
			);
			sourceTree = "<group>";
		};
		FCC9C9181AD88A0E0063A93D /* Products */ = {
			isa = PBXGroup;
			children = (
				FCC9C9171AD88A0E0063A93D /* WMA Experience.app */,
				FCC9C92C1AD88A0E0063A93D /* WMA ExperienceTests.xctest */,
			);
			name = Products;
			sourceTree = "<group>";
		};
		FCC9C9191AD88A0E0063A93D /* WMA Experience */ = {
			isa = PBXGroup;
			children = (
				FCC9C91C1AD88A0E0063A93D /* AppDelegate.swift */,
				FCC9C91E1AD88A0E0063A93D /* ViewController.swift */,
				FCC9C9201AD88A0E0063A93D /* Main.storyboard */,
				FC7CDD2C1ADF44D300FFB3FE /* TimelineTableController.swift */,
				FC7CDD261ADF3EDE00FFB3FE /* HomeViewController.swift */,
				FCD9C6BE1ADDD1E400C44911 /* NavViewController.swift */,
				FCC9C9231AD88A0E0063A93D /* Images.xcassets */,
				FCC9C9251AD88A0E0063A93D /* LaunchScreen.xib */,
				FCC9C91A1AD88A0E0063A93D /* Supporting Files */,
			);
			path = "WMA Experience";
			sourceTree = "<group>";
		};
		FCC9C91A1AD88A0E0063A93D /* Supporting Files */ = {
			isa = PBXGroup;
			children = (
				FC7CDD1D1ADEA83E00FFB3FE /* GlobeG.gif */,
				FCDF8AB31ADD697C006BDDE6 /* TitansSchedButton2.jpg */,
				FCDF8AB11ADD67D8006BDDE6 /* athletics_splash_banner.jpg */,
				FCDF8AAF1ADD6686006BDDE6 /* Wilbraham-Monson.gif */,
				FCC9C91B1AD88A0E0063A93D /* Info.plist */,
			);
			name = "Supporting Files";
			sourceTree = "<group>";
		};
		FCC9C92F1AD88A0E0063A93D /* WMA ExperienceTests */ = {
			isa = PBXGroup;
			children = (
				FCC9C9321AD88A0E0063A93D /* WMA_ExperienceTests.swift */,
				FCC9C9301AD88A0E0063A93D /* Supporting Files */,
			);
			path = "WMA ExperienceTests";
			sourceTree = "<group>";
		};
		FCC9C9301AD88A0E0063A93D /* Supporting Files */ = {
			isa = PBXGroup;
			children = (
				FCC9C9311AD88A0E0063A93D /* Info.plist */,
			);
			name = "Supporting Files";
			sourceTree = "<group>";
		};
/* End PBXGroup section */

/* Begin PBXNativeTarget section */
		FCC9C9161AD88A0E0063A93D /* WMA Experience */ = {
			isa = PBXNativeTarget;
			buildConfigurationList = FCC9C9361AD88A0E0063A93D /* Build configuration list for PBXNativeTarget "WMA Experience" */;
			buildPhases = (
				FCC9C9131AD88A0E0063A93D /* Sources */,
				FCC9C9141AD88A0E0063A93D /* Frameworks */,
				FCC9C9151AD88A0E0063A93D /* Resources */,
				FC7CDD1F1ADF3DC700FFB3FE /* ShellScript */,
			);
			buildRules = (
			);
			dependencies = (
			);
			name = "WMA Experience";
			productName = "WMA Experience";
			productReference = FCC9C9171AD88A0E0063A93D /* WMA Experience.app */;
			productType = "com.apple.product-type.application";
		};
		FCC9C92B1AD88A0E0063A93D /* WMA ExperienceTests */ = {
			isa = PBXNativeTarget;
			buildConfigurationList = FCC9C9391AD88A0E0063A93D /* Build configuration list for PBXNativeTarget "WMA ExperienceTests" */;
			buildPhases = (
				FCC9C9281AD88A0E0063A93D /* Sources */,
				FCC9C9291AD88A0E0063A93D /* Frameworks */,
				FCC9C92A1AD88A0E0063A93D /* Resources */,
			);
			buildRules = (
			);
			dependencies = (
				FCC9C92E1AD88A0E0063A93D /* PBXTargetDependency */,
			);
			name = "WMA ExperienceTests";
			productName = "WMA ExperienceTests";
			productReference = FCC9C92C1AD88A0E0063A93D /* WMA ExperienceTests.xctest */;
			productType = "com.apple.product-type.bundle.unit-test";
		};
/* End PBXNativeTarget section */

/* Begin PBXProject section */
		FCC9C90F1AD88A0E0063A93D /* Project object */ = {
			isa = PBXProject;
			attributes = {
				LastUpgradeCheck = 0630;
				ORGANIZATIONNAME = "Computer Club";
				TargetAttributes = {
					FCC9C9161AD88A0E0063A93D = {
						CreatedOnToolsVersion = 6.3;
					};
					FCC9C92B1AD88A0E0063A93D = {
						CreatedOnToolsVersion = 6.3;
						TestTargetID = FCC9C9161AD88A0E0063A93D;
					};
				};
			};
			buildConfigurationList = FCC9C9121AD88A0E0063A93D /* Build configuration list for PBXProject "WMA Experience" */;
			compatibilityVersion = "Xcode 3.2";
			developmentRegion = English;
			hasScannedForEncodings = 0;
			knownRegions = (
				en,
				Base,
			);
			mainGroup = FCC9C90E1AD88A0E0063A93D;
			productRefGroup = FCC9C9181AD88A0E0063A93D /* Products */;
			projectDirPath = "";
			projectRoot = "";
			targets = (
				FCC9C9161AD88A0E0063A93D /* WMA Experience */,
				FCC9C92B1AD88A0E0063A93D /* WMA ExperienceTests */,
			);
		};
/* End PBXProject section */

/* Begin PBXResourcesBuildPhase section */
		FCC9C9151AD88A0E0063A93D /* Resources */ = {
			isa = PBXResourcesBuildPhase;
			buildActionMask = 2147483647;
			files = (
				FC7CDD241ADF3DF800FFB3FE /* TwitterKitResources.bundle in Resources */,
				FCC9C9221AD88A0E0063A93D /* Main.storyboard in Resources */,
				FCC9C9271AD88A0E0063A93D /* LaunchScreen.xib in Resources */,
				FC7CDD1E1ADEA83E00FFB3FE /* GlobeG.gif in Resources */,
				FCDF8AB21ADD67D8006BDDE6 /* athletics_splash_banner.jpg in Resources */,
				FCDF8AB41ADD697C006BDDE6 /* TitansSchedButton2.jpg in Resources */,
				FCDF8AB01ADD6686006BDDE6 /* Wilbraham-Monson.gif in Resources */,
				FCC9C9241AD88A0E0063A93D /* Images.xcassets in Resources */,
			);
			runOnlyForDeploymentPostprocessing = 0;
		};
		FCC9C92A1AD88A0E0063A93D /* Resources */ = {
			isa = PBXResourcesBuildPhase;
			buildActionMask = 2147483647;
			files = (
			);
			runOnlyForDeploymentPostprocessing = 0;
		};
/* End PBXResourcesBuildPhase section */

/* Begin PBXShellScriptBuildPhase section */
		FC7CDD1F1ADF3DC700FFB3FE /* ShellScript */ = {
			isa = PBXShellScriptBuildPhase;
			buildActionMask = 2147483647;
			files = (
			);
			inputPaths = (
			);
			outputPaths = (
			);
			runOnlyForDeploymentPostprocessing = 0;
			shellPath = /bin/sh;
			shellScript = "./Fabric.framework/run 47bb7b5b8e2ce0be3cfe28b03bc7d9472823f232 ba23b9139a4e052229ab1818b7e671fa843df65cfc237442d255231138da63a1";
		};
/* End PBXShellScriptBuildPhase section */

/* Begin PBXSourcesBuildPhase section */
		FCC9C9131AD88A0E0063A93D /* Sources */ = {
			isa = PBXSourcesBuildPhase;
			buildActionMask = 2147483647;
			files = (
				FCC9C91F1AD88A0E0063A93D /* ViewController.swift in Sources */,
				FC7CDD2D1ADF44D300FFB3FE /* TimelineTableController.swift in Sources */,
				FCD9C6BF1ADDD1E400C44911 /* NavViewController.swift in Sources */,
				FCC9C91D1AD88A0E0063A93D /* AppDelegate.swift in Sources */,
				FC7CDD271ADF3EDE00FFB3FE /* HomeViewController.swift in Sources */,
			);
			runOnlyForDeploymentPostprocessing = 0;
		};
		FCC9C9281AD88A0E0063A93D /* Sources */ = {
			isa = PBXSourcesBuildPhase;
			buildActionMask = 2147483647;
			files = (
				FCC9C9331AD88A0E0063A93D /* WMA_ExperienceTests.swift in Sources */,
			);
			runOnlyForDeploymentPostprocessing = 0;
		};
/* End PBXSourcesBuildPhase section */

/* Begin PBXTargetDependency section */
		FCC9C92E1AD88A0E0063A93D /* PBXTargetDependency */ = {
			isa = PBXTargetDependency;
			target = FCC9C9161AD88A0E0063A93D /* WMA Experience */;
			targetProxy = FCC9C92D1AD88A0E0063A93D /* PBXContainerItemProxy */;
		};
/* End PBXTargetDependency section */

/* Begin PBXVariantGroup section */
		FCC9C9201AD88A0E0063A93D /* Main.storyboard */ = {
			isa = PBXVariantGroup;
			children = (
				FCC9C9211AD88A0E0063A93D /* Base */,
			);
			name = Main.storyboard;
			sourceTree = "<group>";
		};
		FCC9C9251AD88A0E0063A93D /* LaunchScreen.xib */ = {
			isa = PBXVariantGroup;
			children = (
				FCC9C9261AD88A0E0063A93D /* Base */,
			);
			name = LaunchScreen.xib;
			sourceTree = "<group>";
		};
/* End PBXVariantGroup section */

/* Begin XCBuildConfiguration section */
		FCC9C9341AD88A0E0063A93D /* Debug */ = {
			isa = XCBuildConfiguration;
			buildSettings = {
				ALWAYS_SEARCH_USER_PATHS = NO;
				CLANG_CXX_LANGUAGE_STANDARD = "gnu++0x";
				CLANG_CXX_LIBRARY = "libc++";
				CLANG_ENABLE_MODULES = YES;
				CLANG_ENABLE_OBJC_ARC = YES;
				CLANG_WARN_BOOL_CONVERSION = YES;
				CLANG_WARN_CONSTANT_CONVERSION = YES;
				CLANG_WARN_DIRECT_OBJC_ISA_USAGE = YES_ERROR;
				CLANG_WARN_EMPTY_BODY = YES;
				CLANG_WARN_ENUM_CONVERSION = YES;
				CLANG_WARN_INT_CONVERSION = YES;
				CLANG_WARN_OBJC_ROOT_CLASS = YES_ERROR;
				CLANG_WARN_UNREACHABLE_CODE = YES;
				CLANG_WARN__DUPLICATE_METHOD_MATCH = YES;
				"CODE_SIGN_IDENTITY[sdk=iphoneos*]" = "iPhone Developer";
				COPY_PHASE_STRIP = NO;
				DEBUG_INFORMATION_FORMAT = "dwarf-with-dsym";
				ENABLE_STRICT_OBJC_MSGSEND = YES;
				GCC_C_LANGUAGE_STANDARD = gnu99;
				GCC_DYNAMIC_NO_PIC = NO;
				GCC_NO_COMMON_BLOCKS = YES;
				GCC_OPTIMIZATION_LEVEL = 0;
				GCC_PREPROCESSOR_DEFINITIONS = (
					"DEBUG=1",
					"$(inherited)",
				);
				GCC_SYMBOLS_PRIVATE_EXTERN = NO;
				GCC_WARN_64_TO_32_BIT_CONVERSION = YES;
				GCC_WARN_ABOUT_RETURN_TYPE = YES_ERROR;
				GCC_WARN_UNDECLARED_SELECTOR = YES;
				GCC_WARN_UNINITIALIZED_AUTOS = YES_AGGRESSIVE;
				GCC_WARN_UNUSED_FUNCTION = YES;
				GCC_WARN_UNUSED_VARIABLE = YES;
				IPHONEOS_DEPLOYMENT_TARGET = 8.3;
				MTL_ENABLE_DEBUG_INFO = YES;
				ONLY_ACTIVE_ARCH = YES;
				SDKROOT = iphoneos;
				SWIFT_OPTIMIZATION_LEVEL = "-Onone";
				TARGETED_DEVICE_FAMILY = "1,2";
			};
			name = Debug;
		};
		FCC9C9351AD88A0E0063A93D /* Release */ = {
			isa = XCBuildConfiguration;
			buildSettings = {
				ALWAYS_SEARCH_USER_PATHS = NO;
				CLANG_CXX_LANGUAGE_STANDARD = "gnu++0x";
				CLANG_CXX_LIBRARY = "libc++";
				CLANG_ENABLE_MODULES = YES;
				CLANG_ENABLE_OBJC_ARC = YES;
				CLANG_WARN_BOOL_CONVERSION = YES;
				CLANG_WARN_CONSTANT_CONVERSION = YES;
				CLANG_WARN_DIRECT_OBJC_ISA_USAGE = YES_ERROR;
				CLANG_WARN_EMPTY_BODY = YES;
				CLANG_WARN_ENUM_CONVERSION = YES;
				CLANG_WARN_INT_CONVERSION = YES;
				CLANG_WARN_OBJC_ROOT_CLASS = YES_ERROR;
				CLANG_WARN_UNREACHABLE_CODE = YES;
				CLANG_WARN__DUPLICATE_METHOD_MATCH = YES;
				"CODE_SIGN_IDENTITY[sdk=iphoneos*]" = "iPhone Developer";
				COPY_PHASE_STRIP = NO;
				DEBUG_INFORMATION_FORMAT = "dwarf-with-dsym";
				ENABLE_NS_ASSERTIONS = NO;
				ENABLE_STRICT_OBJC_MSGSEND = YES;
				GCC_C_LANGUAGE_STANDARD = gnu99;
				GCC_NO_COMMON_BLOCKS = YES;
				GCC_WARN_64_TO_32_BIT_CONVERSION = YES;
				GCC_WARN_ABOUT_RETURN_TYPE = YES_ERROR;
				GCC_WARN_UNDECLARED_SELECTOR = YES;
				GCC_WARN_UNINITIALIZED_AUTOS = YES_AGGRESSIVE;
				GCC_WARN_UNUSED_FUNCTION = YES;
				GCC_WARN_UNUSED_VARIABLE = YES;
				IPHONEOS_DEPLOYMENT_TARGET = 8.3;
				MTL_ENABLE_DEBUG_INFO = NO;
				SDKROOT = iphoneos;
				TARGETED_DEVICE_FAMILY = "1,2";
				VALIDATE_PRODUCT = YES;
			};
			name = Release;
		};
		FCC9C9371AD88A0E0063A93D /* Debug */ = {
			isa = XCBuildConfiguration;
			buildSettings = {
				ASSETCATALOG_COMPILER_APPICON_NAME = AppIcon;
				FRAMEWORK_SEARCH_PATHS = (
					"$(inherited)",
					"$(PROJECT_DIR)",
				);
				INFOPLIST_FILE = "WMA Experience/Info.plist";
				LD_RUNPATH_SEARCH_PATHS = "$(inherited) @executable_path/Frameworks";
				PRODUCT_NAME = "$(TARGET_NAME)";
			};
			name = Debug;
		};
		FCC9C9381AD88A0E0063A93D /* Release */ = {
			isa = XCBuildConfiguration;
			buildSettings = {
				ASSETCATALOG_COMPILER_APPICON_NAME = AppIcon;
				FRAMEWORK_SEARCH_PATHS = (
					"$(inherited)",
					"$(PROJECT_DIR)",
				);
				INFOPLIST_FILE = "WMA Experience/Info.plist";
				LD_RUNPATH_SEARCH_PATHS = "$(inherited) @executable_path/Frameworks";
				PRODUCT_NAME = "$(TARGET_NAME)";
			};
			name = Release;
		};
		FCC9C93A1AD88A0E0063A93D /* Debug */ = {
			isa = XCBuildConfiguration;
			buildSettings = {
				BUNDLE_LOADER = "$(TEST_HOST)";
				FRAMEWORK_SEARCH_PATHS = (
					"$(SDKROOT)/Developer/Library/Frameworks",
					"$(inherited)",
				);
				GCC_PREPROCESSOR_DEFINITIONS = (
					"DEBUG=1",
					"$(inherited)",
				);
				INFOPLIST_FILE = "WMA ExperienceTests/Info.plist";
				LD_RUNPATH_SEARCH_PATHS = "$(inherited) @executable_path/Frameworks @loader_path/Frameworks";
				PRODUCT_NAME = "$(TARGET_NAME)";
				TEST_HOST = "$(BUILT_PRODUCTS_DIR)/WMA Experience.app/WMA Experience";
			};
			name = Debug;
		};
		FCC9C93B1AD88A0E0063A93D /* Release */ = {
			isa = XCBuildConfiguration;
			buildSettings = {
				BUNDLE_LOADER = "$(TEST_HOST)";
				FRAMEWORK_SEARCH_PATHS = (
					"$(SDKROOT)/Developer/Library/Frameworks",
					"$(inherited)",
				);
				INFOPLIST_FILE = "WMA ExperienceTests/Info.plist";
				LD_RUNPATH_SEARCH_PATHS = "$(inherited) @executable_path/Frameworks @loader_path/Frameworks";
				PRODUCT_NAME = "$(TARGET_NAME)";
				TEST_HOST = "$(BUILT_PRODUCTS_DIR)/WMA Experience.app/WMA Experience";
			};
			name = Release;
		};
/* End XCBuildConfiguration section */

/* Begin XCConfigurationList section */
		FCC9C9121AD88A0E0063A93D /* Build configuration list for PBXProject "WMA Experience" */ = {
			isa = XCConfigurationList;
			buildConfigurations = (
				FCC9C9341AD88A0E0063A93D /* Debug */,
				FCC9C9351AD88A0E0063A93D /* Release */,
			);
			defaultConfigurationIsVisible = 0;
			defaultConfigurationName = Release;
		};
		FCC9C9361AD88A0E0063A93D /* Build configuration list for PBXNativeTarget "WMA Experience" */ = {
			isa = XCConfigurationList;
			buildConfigurations = (
				FCC9C9371AD88A0E0063A93D /* Debug */,
				FCC9C9381AD88A0E0063A93D /* Release */,
			);
			defaultConfigurationIsVisible = 0;
			defaultConfigurationName = Release;
		};
		FCC9C9391AD88A0E0063A93D /* Build configuration list for PBXNativeTarget "WMA ExperienceTests" */ = {
			isa = XCConfigurationList;
			buildConfigurations = (
				FCC9C93A1AD88A0E0063A93D /* Debug */,
				FCC9C93B1AD88A0E0063A93D /* Release */,
			);
			defaultConfigurationIsVisible = 0;
			defaultConfigurationName = Release;
		};
/* End XCConfigurationList section */
	};
	rootObject = FCC9C90F1AD88A0E0063A93D /* Project object */;
}
